
Microsoft Visual Studio Solution File, Format Version 12.00
# Visual Studio Version 16
VisualStudioVersion = 16.0.29519.87
MinimumVisualStudioVersion = 10.0.40219.1
Project("{FAE04EC0-301F-11D3-BF4B-00C04F79EFBC}") = "TCCPaint", "TCCPaint\TCCPaint.csproj", "{AA2BB6F3-B1F7-412E-8237-49B14E4D9E3D}"
EndProject
Global
	GlobalSection(SolutionConfigurationPlatforms) = preSolution
		Debug|Any CPU = Debug|Any CPU
		Release|Any CPU = Release|Any CPU
	EndGlobalSection
	GlobalSection(ProjectConfigurationPlatforms) = postSolution
		{AA2BB6F3-B1F7-412E-8237-49B14E4D9E3D}.Debug|Any CPU.ActiveCfg = Debug|Any CPU
		{AA2BB6F3-B1F7-412E-8237-49B14E4D9E3D}.Debug|Any CPU.Build.0 = Debug|Any CPU
		{AA2BB6F3-B1F7-412E-8237-49B14E4D9E3D}.Release|Any CPU.ActiveCfg = Release|Any CPU
		{AA2BB6F3-B1F7-412E-8237-49B14E4D9E3D}.Release|Any CPU.Build.0 = Release|Any CPU
	EndGlobalSection
	GlobalSection(SolutionProperties) = preSolution
		HideSolutionNode = FALSE
	EndGlobalSection
	GlobalSection(ExtensibilityGlobals) = postSolution
		SolutionGuid = {781D0A68-6C8B-40C3-B59C-A44903225E33}
	EndGlobalSection
EndGlobal
